
Microsoft Visual Studio Solution File, Format Version 12.00
# Visual Studio Version 17
VisualStudioVersion = 17.2.32630.192
MinimumVisualStudioVersion = 10.0.40219.1
Project("{FAE04EC0-301F-11D3-BF4B-00C04F79EFBC}") = "PrimeNumbers", "PrimeNumbers\PrimeNumbers.csproj", "{7C7C0D7E-BC60-4817-9DAA-2A6B2D879E22}"
EndProject
Global
	GlobalSection(SolutionConfigurationPlatforms) = preSolution
		Debug|Any CPU = Debug|Any CPU
		Release|Any CPU = Release|Any CPU
	EndGlobalSection
	GlobalSection(ProjectConfigurationPlatforms) = postSolution
		{7C7C0D7E-BC60-4817-9DAA-2A6B2D879E22}.Debug|Any CPU.ActiveCfg = Debug|Any CPU
		{7C7C0D7E-BC60-4817-9DAA-2A6B2D879E22}.Debug|Any CPU.Build.0 = Debug|Any CPU
		{7C7C0D7E-BC60-4817-9DAA-2A6B2D879E22}.Release|Any CPU.ActiveCfg = Release|Any CPU
		{7C7C0D7E-BC60-4817-9DAA-2A6B2D879E22}.Release|Any CPU.Build.0 = Release|Any CPU
	EndGlobalSection
	GlobalSection(SolutionProperties) = preSolution
		HideSolutionNode = FALSE
	EndGlobalSection
	GlobalSection(ExtensibilityGlobals) = postSolution
		SolutionGuid = {E5E3BCA3-5101-49F9-8A71-334CBFBDBB1E}
	EndGlobalSection
EndGlobal
